
Microsoft Visual Studio Solution File, Format Version 12.00
# Visual Studio Version 16
VisualStudioVersion = 16.0.808.10
MinimumVisualStudioVersion = 10.0.40219.1
Project("{FAE04EC0-301F-11D3-BF4B-00C04F79EFBC}") = "all_tasks_1", "all_tasks_1.csproj", "{23FDCBF5-D75C-428B-8EF5-5EA3FFE5ECAF}"
EndProject
Global
	GlobalSection(SolutionConfigurationPlatforms) = preSolution
		Debug|anycpu = Debug|anycpu
		Release|anycpu = Release|anycpu
	EndGlobalSection
	GlobalSection(ProjectConfigurationPlatforms) = postSolution
		{23FDCBF5-D75C-428B-8EF5-5EA3FFE5ECAF}.Debug|anycpu.ActiveCfg = Debug|anycpu
		{23FDCBF5-D75C-428B-8EF5-5EA3FFE5ECAF}.Debug|anycpu.Build.0 = Debug|anycpu
		{23FDCBF5-D75C-428B-8EF5-5EA3FFE5ECAF}.Release|anycpu.ActiveCfg = Release|anycpu
		{23FDCBF5-D75C-428B-8EF5-5EA3FFE5ECAF}.Release|anycpu.Build.0 = Release|anycpu
	EndGlobalSection
	GlobalSection(SolutionProperties) = preSolution
		HideSolutionNode = FALSE
	EndGlobalSection
	GlobalSection(ExtensibilityGlobals) = postSolution
		SolutionGuid = {718F5F13-166E-413C-9B8D-9E1CDCC9CB51}
	EndGlobalSection
EndGlobal
